
Microsoft Visual Studio Solution File, Format Version 12.00
Project("{FAE04EC0-301F-11D3-BF4B-00C04F79EFBC}") = "Outline", "Outline\Outline.csproj", "{419C5E9C-B00D-4DCA-8F51-37FBE504C28B}"
EndProject
Global
	GlobalSection(SolutionConfigurationPlatforms) = preSolution
		Debug|Any CPU = Debug|Any CPU
		Release|Any CPU = Release|Any CPU
	EndGlobalSection
	GlobalSection(ProjectConfigurationPlatforms) = postSolution
		{419C5E9C-B00D-4DCA-8F51-37FBE504C28B}.Debug|Any CPU.ActiveCfg = Debug|Any CPU
		{419C5E9C-B00D-4DCA-8F51-37FBE504C28B}.Debug|Any CPU.Build.0 = Debug|Any CPU
		{419C5E9C-B00D-4DCA-8F51-37FBE504C28B}.Release|Any CPU.ActiveCfg = Release|Any CPU
		{419C5E9C-B00D-4DCA-8F51-37FBE504C28B}.Release|Any CPU.Build.0 = Release|Any CPU
	EndGlobalSection
EndGlobal
